
Microsoft Visual Studio Solution File, Format Version 12.00
# Visual Studio Version 16
VisualStudioVersion = 16.0.29509.3
MinimumVisualStudioVersion = 10.0.40219.1
Project("{FAE04EC0-301F-11D3-BF4B-00C04F79EFBC}") = "SunRing", "SunRing\SunRing.csproj", "{D406E8B1-3FC5-454D-AB45-1C869CDF2684}"
EndProject
Global
	GlobalSection(SolutionConfigurationPlatforms) = preSolution
		Debug|Any CPU = Debug|Any CPU
		Release|Any CPU = Release|Any CPU
	EndGlobalSection
	GlobalSection(ProjectConfigurationPlatforms) = postSolution
		{D406E8B1-3FC5-454D-AB45-1C869CDF2684}.Debug|Any CPU.ActiveCfg = Debug|Any CPU
		{D406E8B1-3FC5-454D-AB45-1C869CDF2684}.Debug|Any CPU.Build.0 = Debug|Any CPU
		{D406E8B1-3FC5-454D-AB45-1C869CDF2684}.Release|Any CPU.ActiveCfg = Release|Any CPU
		{D406E8B1-3FC5-454D-AB45-1C869CDF2684}.Release|Any CPU.Build.0 = Release|Any CPU
	EndGlobalSection
	GlobalSection(SolutionProperties) = preSolution
		HideSolutionNode = FALSE
	EndGlobalSection
	GlobalSection(ExtensibilityGlobals) = postSolution
		SolutionGuid = {3131AC0D-24F3-440E-BCFE-08D27E7C4DF0}
	EndGlobalSection
EndGlobal
